
Microsoft Visual Studio Solution File, Format Version 12.00
# Visual Studio 15
VisualStudioVersion = 15.0.28307.106
MinimumVisualStudioVersion = 10.0.40219.1
Project("{FAE04EC0-301F-11D3-BF4B-00C04F79EFBC}") = "AsteroidsGame", "AsteroidsGame\AsteroidsGame.csproj", "{3C363326-72A0-45F3-A234-AC29D41F1578}"
EndProject
Project("{FAE04EC0-301F-11D3-BF4B-00C04F79EFBC}") = "Task02a_GenericCollectionInt", "Task02a_GenericCollectionInt\Task02a_GenericCollectionInt.csproj", "{6325A66A-69BD-45B3-999D-87EDE4CBBDD2}"
EndProject
Project("{FAE04EC0-301F-11D3-BF4B-00C04F79EFBC}") = "Task2b_GenericCollection", "Task2b_GenericCollection\Task2b_GenericCollection.csproj", "{F44282BF-8CFB-4947-8479-78AF662760A8}"
EndProject
Global
	GlobalSection(SolutionConfigurationPlatforms) = preSolution
		Debug|Any CPU = Debug|Any CPU
		Release|Any CPU = Release|Any CPU
	EndGlobalSection
	GlobalSection(ProjectConfigurationPlatforms) = postSolution
		{3C363326-72A0-45F3-A234-AC29D41F1578}.Debug|Any CPU.ActiveCfg = Debug|Any CPU
		{3C363326-72A0-45F3-A234-AC29D41F1578}.Debug|Any CPU.Build.0 = Debug|Any CPU
		{3C363326-72A0-45F3-A234-AC29D41F1578}.Release|Any CPU.ActiveCfg = Release|Any CPU
		{3C363326-72A0-45F3-A234-AC29D41F1578}.Release|Any CPU.Build.0 = Release|Any CPU
		{6325A66A-69BD-45B3-999D-87EDE4CBBDD2}.Debug|Any CPU.ActiveCfg = Debug|Any CPU
		{6325A66A-69BD-45B3-999D-87EDE4CBBDD2}.Debug|Any CPU.Build.0 = Debug|Any CPU
		{6325A66A-69BD-45B3-999D-87EDE4CBBDD2}.Release|Any CPU.ActiveCfg = Release|Any CPU
		{6325A66A-69BD-45B3-999D-87EDE4CBBDD2}.Release|Any CPU.Build.0 = Release|Any CPU
		{F44282BF-8CFB-4947-8479-78AF662760A8}.Debug|Any CPU.ActiveCfg = Debug|Any CPU
		{F44282BF-8CFB-4947-8479-78AF662760A8}.Debug|Any CPU.Build.0 = Debug|Any CPU
		{F44282BF-8CFB-4947-8479-78AF662760A8}.Release|Any CPU.ActiveCfg = Release|Any CPU
		{F44282BF-8CFB-4947-8479-78AF662760A8}.Release|Any CPU.Build.0 = Release|Any CPU
	EndGlobalSection
	GlobalSection(SolutionProperties) = preSolution
		HideSolutionNode = FALSE
	EndGlobalSection
	GlobalSection(ExtensibilityGlobals) = postSolution
		SolutionGuid = {83B70076-0931-4046-9BC5-F4DEEFAB0D74}
	EndGlobalSection
EndGlobal
